{
  "name": "@qingluan/cli",
  "version": "1.0.5",
  "lockfileVersion": 2,
  "requires": true,
  "packages": {
    "": {
      "name": "@qingluan/cli",
      "version": "1.0.4",
      "license": "ISC",
      "dependencies": {
        "@qingluan/utils": "file:../../utils/utils"
      },
      "bin": {
        "ql": "bin/index.js"
      }
    },
    "../../utils/utils": {
      "version": "1.0.4",
      "license": "ISC",
      "bin": {
        "utils": "lib/index.js"
      }
    },
    "../utils": {
      "version": "1.0.4",
      "extraneous": true,
      "license": "ISC"
    },
    "node_modules/@qingluan/utils": {
      "resolved": "../../utils/utils",
      "link": true
    }
  },
  "dependencies": {
    "@qingluan/utils": {
      "version": "file:../../utils/utils"
    }
  }
}
