{
  "name": "@qingluan/cli",
  "version": "1.0.4",
  "lockfileVersion": 2,
  "requires": true,
  "packages": {
    "": {
      "name": "@qingluan/cli",
      "version": "1.0.4",
      "license": "ISC",
      "dependencies": {
        "@qingluan/utils": "file:../utils"
      },
      "bin": {
        "qcli": "bin/index.js"
      }
    },
    "../utils": {
      "version": "1.0.4",
      "license": "ISC"
    },
    "node_modules/@qingluan/utils": {
      "resolved": "../utils",
      "link": true
    }
  },
  "dependencies": {
    "@qingluan/utils": {
      "version": "file:../utils"
    }
  }
}
