{
	"name": "@qingluan/utils",
	"version": "1.0.1",
	"lockfileVersion": 2,
	"requires": true,
	"packages": {
		"": {
			"name": "@qingluan/utils",
			"version": "0.0.0",
			"license": "ISC",
			"dependencies": {
				"dayjs": "^1.11.1",
				"jquery": "2",
				"lodash": "^4.17.21"
			}
		},
		"node_modules/dayjs": {
			"version": "1.11.1",
			"resolved": "https://registry.npmjs.org/dayjs/-/dayjs-1.11.1.tgz",
			"integrity": "sha512-ER7EjqVAMkRRsxNCC5YqJ9d9VQYuWdGt7aiH2qA5R5wt8ZmWaP2dLUSIK6y/kVzLMlmh1Tvu5xUf4M/wdGJ5KA=="
		},
		"node_modules/jquery": {
			"version": "2.2.4",
			"resolved": "https://registry.npmjs.org/jquery/-/jquery-2.2.4.tgz",
			"integrity": "sha1-LInWiJterFIqfuoywUUhVZxsvwI="
		},
		"node_modules/lodash": {
			"version": "4.17.21",
			"resolved": "https://registry.npmjs.org/lodash/-/lodash-4.17.21.tgz",
			"integrity": "sha512-v2kDEe57lecTulaDIuNTPy3Ry4gLGJ6Z1O3vE1krgXZNrsQ+LFTGHVxVjcXPs17LhbZVGedAJv8XZ1tvj5FvSg=="
		}
	},
	"dependencies": {
		"dayjs": {
			"version": "1.11.1",
			"resolved": "https://registry.npmjs.org/dayjs/-/dayjs-1.11.1.tgz",
			"integrity": "sha512-ER7EjqVAMkRRsxNCC5YqJ9d9VQYuWdGt7aiH2qA5R5wt8ZmWaP2dLUSIK6y/kVzLMlmh1Tvu5xUf4M/wdGJ5KA=="
		},
		"jquery": {
			"version": "2.2.4",
			"resolved": "https://registry.npmjs.org/jquery/-/jquery-2.2.4.tgz",
			"integrity": "sha1-LInWiJterFIqfuoywUUhVZxsvwI="
		},
		"lodash": {
			"version": "4.17.21",
			"resolved": "https://registry.npmjs.org/lodash/-/lodash-4.17.21.tgz",
			"integrity": "sha512-v2kDEe57lecTulaDIuNTPy3Ry4gLGJ6Z1O3vE1krgXZNrsQ+LFTGHVxVjcXPs17LhbZVGedAJv8XZ1tvj5FvSg=="
		}
	}
}
